
Microsoft Visual Studio Solution File, Format Version 12.00
# Visual Studio Version 16
VisualStudioVersion = 16.0.30907.101
MinimumVisualStudioVersion = 10.0.40219.1
Project("{FAE04EC0-301F-11D3-BF4B-00C04F79EFBC}") = "Logger_Vasylchenko", "Logger_Vasylchenko\Logger_Vasylchenko.csproj", "{4422FFA5-A322-4E9C-B97D-6AD830647E62}"
EndProject
Global
	GlobalSection(SolutionConfigurationPlatforms) = preSolution
		Debug|Any CPU = Debug|Any CPU
		Release|Any CPU = Release|Any CPU
	EndGlobalSection
	GlobalSection(ProjectConfigurationPlatforms) = postSolution
		{4422FFA5-A322-4E9C-B97D-6AD830647E62}.Debug|Any CPU.ActiveCfg = Debug|Any CPU
		{4422FFA5-A322-4E9C-B97D-6AD830647E62}.Debug|Any CPU.Build.0 = Debug|Any CPU
		{4422FFA5-A322-4E9C-B97D-6AD830647E62}.Release|Any CPU.ActiveCfg = Release|Any CPU
		{4422FFA5-A322-4E9C-B97D-6AD830647E62}.Release|Any CPU.Build.0 = Release|Any CPU
	EndGlobalSection
	GlobalSection(SolutionProperties) = preSolution
		HideSolutionNode = FALSE
	EndGlobalSection
	GlobalSection(ExtensibilityGlobals) = postSolution
		SolutionGuid = {9736DB4D-2BBC-4AC1-9F57-06289ADF1C8B}
	EndGlobalSection
EndGlobal
